// !$*UTF8*$!
{
	archiveVersion = 1;
	classes = {
	};
	objectVersion = 55;
	objects = {

/* Begin PBXBuildFile section */
		52149962274C21260010FD44 /* FakeURLProtocol.swift in Sources */ = {isa = PBXBuildFile; fileRef = 52149961274C21260010FD44 /* FakeURLProtocol.swift */; };
		52149966274CD36B0010FD44 /* TranslateServiceTestCase.swift in Sources */ = {isa = PBXBuildFile; fileRef = 52149965274CD36B0010FD44 /* TranslateServiceTestCase.swift */; };
		521E8B8A273D8C7900A7BB0C /* Token.swift in Sources */ = {isa = PBXBuildFile; fileRef = 521E8B89273D8C7900A7BB0C /* Token.swift */; };
		521E8B8C273EBFDB00A7BB0C /* DoubleExtension.swift in Sources */ = {isa = PBXBuildFile; fileRef = 521E8B8B273EBFDB00A7BB0C /* DoubleExtension.swift */; };
		521E8B8E27419E5700A7BB0C /* CurrencyJson.swift in Sources */ = {isa = PBXBuildFile; fileRef = 521E8B8D27419E5700A7BB0C /* CurrencyJson.swift */; };
		521E8B942742891800A7BB0C /* TranslateJson.swift in Sources */ = {isa = PBXBuildFile; fileRef = 521E8B932742891800A7BB0C /* TranslateJson.swift */; };
		52277B912750F315000B2F1B /* StringExtension.swift in Sources */ = {isa = PBXBuildFile; fileRef = 52277B902750F315000B2F1B /* StringExtension.swift */; };
		52277B9327513464000B2F1B /* TranslateZoneController.swift in Sources */ = {isa = PBXBuildFile; fileRef = 52277B9227513464000B2F1B /* TranslateZoneController.swift */; };
		52277B952751349D000B2F1B /* TranslateSwitchController.swift in Sources */ = {isa = PBXBuildFile; fileRef = 52277B942751349D000B2F1B /* TranslateSwitchController.swift */; };
		52277B9A2751355F000B2F1B /* Language.swift in Sources */ = {isa = PBXBuildFile; fileRef = 52277B992751355F000B2F1B /* Language.swift */; };
		52277B9E2752AE78000B2F1B /* MainTabBarControllerViewController.swift in Sources */ = {isa = PBXBuildFile; fileRef = 52277B9D2752AE78000B2F1B /* MainTabBarControllerViewController.swift */; };
		52277BA02752DD55000B2F1B /* CurrencySwitchController.swift in Sources */ = {isa = PBXBuildFile; fileRef = 52277B9F2752DD55000B2F1B /* CurrencySwitchController.swift */; };
		52277BA22752DD8C000B2F1B /* CurrencyZoneController.swift in Sources */ = {isa = PBXBuildFile; fileRef = 52277BA12752DD8C000B2F1B /* CurrencyZoneController.swift */; };
		52277BA42753FFD6000B2F1B /* Shared.swift in Sources */ = {isa = PBXBuildFile; fileRef = 52277BA32753FFD6000B2F1B /* Shared.swift */; };
		52277BA92754DFB2000B2F1B /* Units.swift in Sources */ = {isa = PBXBuildFile; fileRef = 52277BA82754DFB2000B2F1B /* Units.swift */; };
		52277BAB2754DFE9000B2F1B /* Currency.swift in Sources */ = {isa = PBXBuildFile; fileRef = 52277BAA2754DFE9000B2F1B /* Currency.swift */; };
		52277BAD2754E61A000B2F1B /* Icon.png in Resources */ = {isa = PBXBuildFile; fileRef = 52277BAC2754E61A000B2F1B /* Icon.png */; };
		5231E86C274FC1B20004C0CA /* Painting.swift in Sources */ = {isa = PBXBuildFile; fileRef = 5231E86B274FC1B20004C0CA /* Painting.swift */; };
		5231E86E274FC24B0004C0CA /* ColorExtension.swift in Sources */ = {isa = PBXBuildFile; fileRef = 5231E86D274FC24B0004C0CA /* ColorExtension.swift */; };
		5231E870274FCE300004C0CA /* CurrencyResult.swift in Sources */ = {isa = PBXBuildFile; fileRef = 5231E86F274FCE300004C0CA /* CurrencyResult.swift */; };
		528961F82747850D00B5EA6D /* ApiError.swift in Sources */ = {isa = PBXBuildFile; fileRef = 528961F72747850D00B5EA6D /* ApiError.swift */; };
		528961FA2747A70E00B5EA6D /* WeatherServiceTestCase.swift in Sources */ = {isa = PBXBuildFile; fileRef = 528961F92747A70E00B5EA6D /* WeatherServiceTestCase.swift */; };
		528961FF2747AA3800B5EA6D /* Weather.json in Resources */ = {isa = PBXBuildFile; fileRef = 528961FE2747AA3800B5EA6D /* Weather.json */; };
		528962012747AA8700B5EA6D /* FakeWeatherResponseData.swift in Sources */ = {isa = PBXBuildFile; fileRef = 528962002747AA8700B5EA6D /* FakeWeatherResponseData.swift */; };
		528962082747FD9900B5EA6D /* Currency.json in Resources */ = {isa = PBXBuildFile; fileRef = 528962072747FD9900B5EA6D /* Currency.json */; };
		5289620B2747FDF200B5EA6D /* Translate.json in Resources */ = {isa = PBXBuildFile; fileRef = 5289620A2747FDF200B5EA6D /* Translate.json */; };
		5289620D2747FE2E00B5EA6D /* FakeCurrencyResponseData.swift in Sources */ = {isa = PBXBuildFile; fileRef = 5289620C2747FE2E00B5EA6D /* FakeCurrencyResponseData.swift */; };
		5289620F2747FF2100B5EA6D /* FakeResponseData.swift in Sources */ = {isa = PBXBuildFile; fileRef = 5289620E2747FF2100B5EA6D /* FakeResponseData.swift */; };
		528962112748001500B5EA6D /* FakeTranslateResponseData.swift in Sources */ = {isa = PBXBuildFile; fileRef = 528962102748001500B5EA6D /* FakeTranslateResponseData.swift */; };
		528962132749B1D000B5EA6D /* WeatherZoneController.swift in Sources */ = {isa = PBXBuildFile; fileRef = 528962122749B1D000B5EA6D /* WeatherZoneController.swift */; };
		52A1C75F273AAFD100BFA463 /* AppDelegate.swift in Sources */ = {isa = PBXBuildFile; fileRef = 52A1C75E273AAFD100BFA463 /* AppDelegate.swift */; };
		52A1C761273AAFD100BFA463 /* SceneDelegate.swift in Sources */ = {isa = PBXBuildFile; fileRef = 52A1C760273AAFD100BFA463 /* SceneDelegate.swift */; };
		52A1C763273AAFD100BFA463 /* ViewController.swift in Sources */ = {isa = PBXBuildFile; fileRef = 52A1C762273AAFD100BFA463 /* ViewController.swift */; };
		52A1C766273AAFD100BFA463 /* Main.storyboard in Resources */ = {isa = PBXBuildFile; fileRef = 52A1C764273AAFD100BFA463 /* Main.storyboard */; };
		52A1C768273AAFD200BFA463 /* Assets.xcassets in Resources */ = {isa = PBXBuildFile; fileRef = 52A1C767273AAFD200BFA463 /* Assets.xcassets */; };
		52A1C76B273AAFD200BFA463 /* LaunchScreen.storyboard in Resources */ = {isa = PBXBuildFile; fileRef = 52A1C769273AAFD200BFA463 /* LaunchScreen.storyboard */; };
		52A1C780273AAFD200BFA463 /* TravelUITests.swift in Sources */ = {isa = PBXBuildFile; fileRef = 52A1C77F273AAFD200BFA463 /* TravelUITests.swift */; };
		52A1C782273AAFD200BFA463 /* TravelUITestsLaunchTests.swift in Sources */ = {isa = PBXBuildFile; fileRef = 52A1C781273AAFD200BFA463 /* TravelUITestsLaunchTests.swift */; };
		52A1C792273ABDA500BFA463 /* WeatherViewController.swift in Sources */ = {isa = PBXBuildFile; fileRef = 52A1C791273ABDA500BFA463 /* WeatherViewController.swift */; };
		52A1C794273ABDD300BFA463 /* CurrencyViewController.swift in Sources */ = {isa = PBXBuildFile; fileRef = 52A1C793273ABDD300BFA463 /* CurrencyViewController.swift */; };
		52A1C796273ABE2100BFA463 /* TranslateViewController.swift in Sources */ = {isa = PBXBuildFile; fileRef = 52A1C795273ABE2100BFA463 /* TranslateViewController.swift */; };
		52A1C79A273ABEED00BFA463 /* WeatherService.swift in Sources */ = {isa = PBXBuildFile; fileRef = 52A1C799273ABEED00BFA463 /* WeatherService.swift */; };
		52A1C79C273ABF0400BFA463 /* CurrencyService.swift in Sources */ = {isa = PBXBuildFile; fileRef = 52A1C79B273ABF0400BFA463 /* CurrencyService.swift */; };
		52A1C79E273ABF3200BFA463 /* TranslateService.swift in Sources */ = {isa = PBXBuildFile; fileRef = 52A1C79D273ABF3200BFA463 /* TranslateService.swift */; };
		52A1C7A0273AC73400BFA463 /* WeatherJson.swift in Sources */ = {isa = PBXBuildFile; fileRef = 52A1C79F273AC73400BFA463 /* WeatherJson.swift */; };
		52C5ED7A274ED47C00F9A862 /* CurrencyServiceTestCase.swift in Sources */ = {isa = PBXBuildFile; fileRef = 52C5ED79274ED47C00F9A862 /* CurrencyServiceTestCase.swift */; };
/* End PBXBuildFile section */

/* Begin PBXContainerItemProxy section */
		52A1C772273AAFD200BFA463 /* PBXContainerItemProxy */ = {
			isa = PBXContainerItemProxy;
			containerPortal = 52A1C753273AAFD100BFA463 /* Project object */;
			proxyType = 1;
			remoteGlobalIDString = 52A1C75A273AAFD100BFA463;
			remoteInfo = Travel;
		};
		52A1C77C273AAFD200BFA463 /* PBXContainerItemProxy */ = {
			isa = PBXContainerItemProxy;
			containerPortal = 52A1C753273AAFD100BFA463 /* Project object */;
			proxyType = 1;
			remoteGlobalIDString = 52A1C75A273AAFD100BFA463;
			remoteInfo = Travel;
		};
/* End PBXContainerItemProxy section */

/* Begin PBXFileReference section */
		52149961274C21260010FD44 /* FakeURLProtocol.swift */ = {isa = PBXFileReference; lastKnownFileType = sourcecode.swift; path = FakeURLProtocol.swift; sourceTree = "<group>"; };
		52149965274CD36B0010FD44 /* TranslateServiceTestCase.swift */ = {isa = PBXFileReference; lastKnownFileType = sourcecode.swift; path = TranslateServiceTestCase.swift; sourceTree = "<group>"; };
		521E8B89273D8C7900A7BB0C /* Token.swift */ = {isa = PBXFileReference; lastKnownFileType = sourcecode.swift; path = Token.swift; sourceTree = "<group>"; };
		521E8B8B273EBFDB00A7BB0C /* DoubleExtension.swift */ = {isa = PBXFileReference; lastKnownFileType = sourcecode.swift; path = DoubleExtension.swift; sourceTree = "<group>"; };
		521E8B8D27419E5700A7BB0C /* CurrencyJson.swift */ = {isa = PBXFileReference; lastKnownFileType = sourcecode.swift; path = CurrencyJson.swift; sourceTree = "<group>"; };
		521E8B932742891800A7BB0C /* TranslateJson.swift */ = {isa = PBXFileReference; lastKnownFileType = sourcecode.swift; path = TranslateJson.swift; sourceTree = "<group>"; };
		52277B902750F315000B2F1B /* StringExtension.swift */ = {isa = PBXFileReference; lastKnownFileType = sourcecode.swift; path = StringExtension.swift; sourceTree = "<group>"; };
		52277B9227513464000B2F1B /* TranslateZoneController.swift */ = {isa = PBXFileReference; lastKnownFileType = sourcecode.swift; path = TranslateZoneController.swift; sourceTree = "<group>"; };
		52277B942751349D000B2F1B /* TranslateSwitchController.swift */ = {isa = PBXFileReference; lastKnownFileType = sourcecode.swift; path = TranslateSwitchController.swift; sourceTree = "<group>"; };
		52277B992751355F000B2F1B /* Language.swift */ = {isa = PBXFileReference; lastKnownFileType = sourcecode.swift; path = Language.swift; sourceTree = "<group>"; };
		52277B9D2752AE78000B2F1B /* MainTabBarControllerViewController.swift */ = {isa = PBXFileReference; lastKnownFileType = sourcecode.swift; path = MainTabBarControllerViewController.swift; sourceTree = "<group>"; };
		52277B9F2752DD55000B2F1B /* CurrencySwitchController.swift */ = {isa = PBXFileReference; lastKnownFileType = sourcecode.swift; path = CurrencySwitchController.swift; sourceTree = "<group>"; };
		52277BA12752DD8C000B2F1B /* CurrencyZoneController.swift */ = {isa = PBXFileReference; lastKnownFileType = sourcecode.swift; path = CurrencyZoneController.swift; sourceTree = "<group>"; };
		52277BA32753FFD6000B2F1B /* Shared.swift */ = {isa = PBXFileReference; lastKnownFileType = sourcecode.swift; path = Shared.swift; sourceTree = "<group>"; };
		52277BA82754DFB2000B2F1B /* Units.swift */ = {isa = PBXFileReference; lastKnownFileType = sourcecode.swift; path = Units.swift; sourceTree = "<group>"; };
		52277BAA2754DFE9000B2F1B /* Currency.swift */ = {isa = PBXFileReference; lastKnownFileType = sourcecode.swift; path = Currency.swift; sourceTree = "<group>"; };
		52277BAC2754E61A000B2F1B /* Icon.png */ = {isa = PBXFileReference; lastKnownFileType = image.png; path = Icon.png; sourceTree = "<group>"; };
		5231E86B274FC1B20004C0CA /* Painting.swift */ = {isa = PBXFileReference; lastKnownFileType = sourcecode.swift; path = Painting.swift; sourceTree = "<group>"; };
		5231E86D274FC24B0004C0CA /* ColorExtension.swift */ = {isa = PBXFileReference; lastKnownFileType = sourcecode.swift; path = ColorExtension.swift; sourceTree = "<group>"; };
		5231E86F274FCE300004C0CA /* CurrencyResult.swift */ = {isa = PBXFileReference; lastKnownFileType = sourcecode.swift; path = CurrencyResult.swift; sourceTree = "<group>"; };
		528961F72747850D00B5EA6D /* ApiError.swift */ = {isa = PBXFileReference; lastKnownFileType = sourcecode.swift; path = ApiError.swift; sourceTree = "<group>"; };
		528961F92747A70E00B5EA6D /* WeatherServiceTestCase.swift */ = {isa = PBXFileReference; lastKnownFileType = sourcecode.swift; path = WeatherServiceTestCase.swift; sourceTree = "<group>"; };
		528961FE2747AA3800B5EA6D /* Weather.json */ = {isa = PBXFileReference; lastKnownFileType = text.json; path = Weather.json; sourceTree = "<group>"; };
		528962002747AA8700B5EA6D /* FakeWeatherResponseData.swift */ = {isa = PBXFileReference; lastKnownFileType = sourcecode.swift; path = FakeWeatherResponseData.swift; sourceTree = "<group>"; };
		528962072747FD9900B5EA6D /* Currency.json */ = {isa = PBXFileReference; lastKnownFileType = text.json; path = Currency.json; sourceTree = "<group>"; };
		5289620A2747FDF200B5EA6D /* Translate.json */ = {isa = PBXFileReference; lastKnownFileType = text.json; path = Translate.json; sourceTree = "<group>"; };
		5289620C2747FE2E00B5EA6D /* FakeCurrencyResponseData.swift */ = {isa = PBXFileReference; lastKnownFileType = sourcecode.swift; path = FakeCurrencyResponseData.swift; sourceTree = "<group>"; };
		5289620E2747FF2100B5EA6D /* FakeResponseData.swift */ = {isa = PBXFileReference; lastKnownFileType = sourcecode.swift; path = FakeResponseData.swift; sourceTree = "<group>"; };
		528962102748001500B5EA6D /* FakeTranslateResponseData.swift */ = {isa = PBXFileReference; lastKnownFileType = sourcecode.swift; path = FakeTranslateResponseData.swift; sourceTree = "<group>"; };
		528962122749B1D000B5EA6D /* WeatherZoneController.swift */ = {isa = PBXFileReference; lastKnownFileType = sourcecode.swift; path = WeatherZoneController.swift; sourceTree = "<group>"; };
		52A1C75B273AAFD100BFA463 /* Travel.app */ = {isa = PBXFileReference; explicitFileType = wrapper.application; includeInIndex = 0; path = Travel.app; sourceTree = BUILT_PRODUCTS_DIR; };
		52A1C75E273AAFD100BFA463 /* AppDelegate.swift */ = {isa = PBXFileReference; lastKnownFileType = sourcecode.swift; path = AppDelegate.swift; sourceTree = "<group>"; };
		52A1C760273AAFD100BFA463 /* SceneDelegate.swift */ = {isa = PBXFileReference; lastKnownFileType = sourcecode.swift; path = SceneDelegate.swift; sourceTree = "<group>"; };
		52A1C762273AAFD100BFA463 /* ViewController.swift */ = {isa = PBXFileReference; lastKnownFileType = sourcecode.swift; path = ViewController.swift; sourceTree = "<group>"; };
		52A1C765273AAFD100BFA463 /* Base */ = {isa = PBXFileReference; lastKnownFileType = file.storyboard; name = Base; path = Base.lproj/Main.storyboard; sourceTree = "<group>"; };
		52A1C767273AAFD200BFA463 /* Assets.xcassets */ = {isa = PBXFileReference; lastKnownFileType = folder.assetcatalog; path = Assets.xcassets; sourceTree = "<group>"; };
		52A1C76A273AAFD200BFA463 /* Base */ = {isa = PBXFileReference; lastKnownFileType = file.storyboard; name = Base; path = Base.lproj/LaunchScreen.storyboard; sourceTree = "<group>"; };
		52A1C76C273AAFD200BFA463 /* Info.plist */ = {isa = PBXFileReference; lastKnownFileType = text.plist.xml; path = Info.plist; sourceTree = "<group>"; };
		52A1C771273AAFD200BFA463 /* TravelTests.xctest */ = {isa = PBXFileReference; explicitFileType = wrapper.cfbundle; includeInIndex = 0; path = TravelTests.xctest; sourceTree = BUILT_PRODUCTS_DIR; };
		52A1C77B273AAFD200BFA463 /* TravelUITests.xctest */ = {isa = PBXFileReference; explicitFileType = wrapper.cfbundle; includeInIndex = 0; path = TravelUITests.xctest; sourceTree = BUILT_PRODUCTS_DIR; };
		52A1C77F273AAFD200BFA463 /* TravelUITests.swift */ = {isa = PBXFileReference; lastKnownFileType = sourcecode.swift; path = TravelUITests.swift; sourceTree = "<group>"; };
		52A1C781273AAFD200BFA463 /* TravelUITestsLaunchTests.swift */ = {isa = PBXFileReference; lastKnownFileType = sourcecode.swift; path = TravelUITestsLaunchTests.swift; sourceTree = "<group>"; };
		52A1C791273ABDA500BFA463 /* WeatherViewController.swift */ = {isa = PBXFileReference; lastKnownFileType = sourcecode.swift; path = WeatherViewController.swift; sourceTree = "<group>"; };
		52A1C793273ABDD300BFA463 /* CurrencyViewController.swift */ = {isa = PBXFileReference; lastKnownFileType = sourcecode.swift; path = CurrencyViewController.swift; sourceTree = "<group>"; };
		52A1C795273ABE2100BFA463 /* TranslateViewController.swift */ = {isa = PBXFileReference; lastKnownFileType = sourcecode.swift; path = TranslateViewController.swift; sourceTree = "<group>"; };
		52A1C799273ABEED00BFA463 /* WeatherService.swift */ = {isa = PBXFileReference; lastKnownFileType = sourcecode.swift; path = WeatherService.swift; sourceTree = "<group>"; };
		52A1C79B273ABF0400BFA463 /* CurrencyService.swift */ = {isa = PBXFileReference; lastKnownFileType = sourcecode.swift; path = CurrencyService.swift; sourceTree = "<group>"; };
		52A1C79D273ABF3200BFA463 /* TranslateService.swift */ = {isa = PBXFileReference; lastKnownFileType = sourcecode.swift; path = TranslateService.swift; sourceTree = "<group>"; };
		52A1C79F273AC73400BFA463 /* WeatherJson.swift */ = {isa = PBXFileReference; lastKnownFileType = sourcecode.swift; path = WeatherJson.swift; sourceTree = "<group>"; };
		52C5ED79274ED47C00F9A862 /* CurrencyServiceTestCase.swift */ = {isa = PBXFileReference; lastKnownFileType = sourcecode.swift; path = CurrencyServiceTestCase.swift; sourceTree = "<group>"; };
/* End PBXFileReference section */

/* Begin PBXFrameworksBuildPhase section */
		52A1C758273AAFD100BFA463 /* Frameworks */ = {
			isa = PBXFrameworksBuildPhase;
			buildActionMask = 2147483647;
			files = (
			);
			runOnlyForDeploymentPostprocessing = 0;
		};
		52A1C76E273AAFD200BFA463 /* Frameworks */ = {
			isa = PBXFrameworksBuildPhase;
			buildActionMask = 2147483647;
			files = (
			);
			runOnlyForDeploymentPostprocessing = 0;
		};
		52A1C778273AAFD200BFA463 /* Frameworks */ = {
			isa = PBXFrameworksBuildPhase;
			buildActionMask = 2147483647;
			files = (
			);
			runOnlyForDeploymentPostprocessing = 0;
		};
/* End PBXFrameworksBuildPhase section */

/* Begin PBXGroup section */
		52277B96275134D8000B2F1B /* Weather */ = {
			isa = PBXGroup;
			children = (
				528962122749B1D000B5EA6D /* WeatherZoneController.swift */,
				52A1C791273ABDA500BFA463 /* WeatherViewController.swift */,
			);
			path = Weather;
			sourceTree = "<group>";
		};
		52277B97275134E7000B2F1B /* Translate */ = {
			isa = PBXGroup;
			children = (
				52277B9227513464000B2F1B /* TranslateZoneController.swift */,
				52277B942751349D000B2F1B /* TranslateSwitchController.swift */,
				52A1C795273ABE2100BFA463 /* TranslateViewController.swift */,
			);
			path = Translate;
			sourceTree = "<group>";
		};
		52277B98275134FB000B2F1B /* Currency */ = {
			isa = PBXGroup;
			children = (
				52277BA12752DD8C000B2F1B /* CurrencyZoneController.swift */,
				52277B9F2752DD55000B2F1B /* CurrencySwitchController.swift */,
				52A1C793273ABDD300BFA463 /* CurrencyViewController.swift */,
			);
			path = Currency;
			sourceTree = "<group>";
		};
		52277BA72754CDF5000B2F1B /* Extension */ = {
			isa = PBXGroup;
			children = (
				52277B902750F315000B2F1B /* StringExtension.swift */,
				521E8B8B273EBFDB00A7BB0C /* DoubleExtension.swift */,
				5231E86D274FC24B0004C0CA /* ColorExtension.swift */,
			);
			path = Extension;
			sourceTree = "<group>";
		};
		528961FB2747A71400B5EA6D /* WeatherTests */ = {
			isa = PBXGroup;
			children = (
				528961FE2747AA3800B5EA6D /* Weather.json */,
				52277BAC2754E61A000B2F1B /* Icon.png */,
				528962002747AA8700B5EA6D /* FakeWeatherResponseData.swift */,
				528961F92747A70E00B5EA6D /* WeatherServiceTestCase.swift */,
			);
			path = WeatherTests;
			sourceTree = "<group>";
		};
		528962062747FD5700B5EA6D /* CurrencyTests */ = {
			isa = PBXGroup;
			children = (
				528962072747FD9900B5EA6D /* Currency.json */,
				5289620C2747FE2E00B5EA6D /* FakeCurrencyResponseData.swift */,
				52C5ED79274ED47C00F9A862 /* CurrencyServiceTestCase.swift */,
			);
			path = CurrencyTests;
			sourceTree = "<group>";
		};
		528962092747FDBB00B5EA6D /* TranslateTests */ = {
			isa = PBXGroup;
			children = (
				5289620A2747FDF200B5EA6D /* Translate.json */,
				528962102748001500B5EA6D /* FakeTranslateResponseData.swift */,
				52149965274CD36B0010FD44 /* TranslateServiceTestCase.swift */,
			);
			path = TranslateTests;
			sourceTree = "<group>";
		};
		52A1C752273AAFD100BFA463 = {
			isa = PBXGroup;
			children = (
				52A1C75D273AAFD100BFA463 /* Travel */,
				52A1C774273AAFD200BFA463 /* TravelTests */,
				52A1C77E273AAFD200BFA463 /* TravelUITests */,
				52A1C75C273AAFD100BFA463 /* Products */,
			);
			sourceTree = "<group>";
		};
		52A1C75C273AAFD100BFA463 /* Products */ = {
			isa = PBXGroup;
			children = (
				52A1C75B273AAFD100BFA463 /* Travel.app */,
				52A1C771273AAFD200BFA463 /* TravelTests.xctest */,
				52A1C77B273AAFD200BFA463 /* TravelUITests.xctest */,
			);
			name = Products;
			sourceTree = "<group>";
		};
		52A1C75D273AAFD100BFA463 /* Travel */ = {
			isa = PBXGroup;
			children = (
				52A1C76C273AAFD200BFA463 /* Info.plist */,
				52A1C767273AAFD200BFA463 /* Assets.xcassets */,
				521E8B89273D8C7900A7BB0C /* Token.swift */,
				5231E86B274FC1B20004C0CA /* Painting.swift */,
				52277BA32753FFD6000B2F1B /* Shared.swift */,
				52277BA72754CDF5000B2F1B /* Extension */,
				52A1C78E273AB17600BFA463 /* Model */,
				52A1C78F273AB17F00BFA463 /* View */,
				52A1C790273AB18C00BFA463 /* Controller */,
			);
			path = Travel;
			sourceTree = "<group>";
		};
		52A1C774273AAFD200BFA463 /* TravelTests */ = {
			isa = PBXGroup;
			children = (
				52149961274C21260010FD44 /* FakeURLProtocol.swift */,
				5289620E2747FF2100B5EA6D /* FakeResponseData.swift */,
				528961FB2747A71400B5EA6D /* WeatherTests */,
				528962062747FD5700B5EA6D /* CurrencyTests */,
				528962092747FDBB00B5EA6D /* TranslateTests */,
			);
			path = TravelTests;
			sourceTree = "<group>";
		};
		52A1C77E273AAFD200BFA463 /* TravelUITests */ = {
			isa = PBXGroup;
			children = (
				52A1C77F273AAFD200BFA463 /* TravelUITests.swift */,
				52A1C781273AAFD200BFA463 /* TravelUITestsLaunchTests.swift */,
			);
			path = TravelUITests;
			sourceTree = "<group>";
		};
		52A1C78E273AB17600BFA463 /* Model */ = {
			isa = PBXGroup;
			children = (
				528961F72747850D00B5EA6D /* ApiError.swift */,
				52277BAA2754DFE9000B2F1B /* Currency.swift */,
				521E8B8D27419E5700A7BB0C /* CurrencyJson.swift */,
				5231E86F274FCE300004C0CA /* CurrencyResult.swift */,
				52277B992751355F000B2F1B /* Language.swift */,
				521E8B932742891800A7BB0C /* TranslateJson.swift */,
				52277BA82754DFB2000B2F1B /* Units.swift */,
				52A1C79F273AC73400BFA463 /* WeatherJson.swift */,
			);
			path = Model;
			sourceTree = "<group>";
		};
		52A1C78F273AB17F00BFA463 /* View */ = {
			isa = PBXGroup;
			children = (
				52A1C769273AAFD200BFA463 /* LaunchScreen.storyboard */,
				52A1C764273AAFD100BFA463 /* Main.storyboard */,
				52A1C762273AAFD100BFA463 /* ViewController.swift */,
				52277B9D2752AE78000B2F1B /* MainTabBarControllerViewController.swift */,
				52277B96275134D8000B2F1B /* Weather */,
				52277B98275134FB000B2F1B /* Currency */,
				52277B97275134E7000B2F1B /* Translate */,
			);
			path = View;
			sourceTree = "<group>";
		};
		52A1C790273AB18C00BFA463 /* Controller */ = {
			isa = PBXGroup;
			children = (
				52A1C75E273AAFD100BFA463 /* AppDelegate.swift */,
				52A1C760273AAFD100BFA463 /* SceneDelegate.swift */,
				52A1C799273ABEED00BFA463 /* WeatherService.swift */,
				52A1C79B273ABF0400BFA463 /* CurrencyService.swift */,
				52A1C79D273ABF3200BFA463 /* TranslateService.swift */,
			);
			path = Controller;
			sourceTree = "<group>";
		};
/* End PBXGroup section */

/* Begin PBXNativeTarget section */
		52A1C75A273AAFD100BFA463 /* Travel */ = {
			isa = PBXNativeTarget;
			buildConfigurationList = 52A1C785273AAFD200BFA463 /* Build configuration list for PBXNativeTarget "Travel" */;
			buildPhases = (
				52A1C757273AAFD100BFA463 /* Sources */,
				52A1C758273AAFD100BFA463 /* Frameworks */,
				52A1C759273AAFD100BFA463 /* Resources */,
			);
			buildRules = (
			);
			dependencies = (
			);
			name = Travel;
			productName = Travel;
			productReference = 52A1C75B273AAFD100BFA463 /* Travel.app */;
			productType = "com.apple.product-type.application";
		};
		52A1C770273AAFD200BFA463 /* TravelTests */ = {
			isa = PBXNativeTarget;
			buildConfigurationList = 52A1C788273AAFD200BFA463 /* Build configuration list for PBXNativeTarget "TravelTests" */;
			buildPhases = (
				52A1C76D273AAFD200BFA463 /* Sources */,
				52A1C76E273AAFD200BFA463 /* Frameworks */,
				52A1C76F273AAFD200BFA463 /* Resources */,
			);
			buildRules = (
			);
			dependencies = (
				52A1C773273AAFD200BFA463 /* PBXTargetDependency */,
			);
			name = TravelTests;
			productName = TravelTests;
			productReference = 52A1C771273AAFD200BFA463 /* TravelTests.xctest */;
			productType = "com.apple.product-type.bundle.unit-test";
		};
		52A1C77A273AAFD200BFA463 /* TravelUITests */ = {
			isa = PBXNativeTarget;
			buildConfigurationList = 52A1C78B273AAFD200BFA463 /* Build configuration list for PBXNativeTarget "TravelUITests" */;
			buildPhases = (
				52A1C777273AAFD200BFA463 /* Sources */,
				52A1C778273AAFD200BFA463 /* Frameworks */,
				52A1C779273AAFD200BFA463 /* Resources */,
			);
			buildRules = (
			);
			dependencies = (
				52A1C77D273AAFD200BFA463 /* PBXTargetDependency */,
			);
			name = TravelUITests;
			productName = TravelUITests;
			productReference = 52A1C77B273AAFD200BFA463 /* TravelUITests.xctest */;
			productType = "com.apple.product-type.bundle.ui-testing";
		};
/* End PBXNativeTarget section */

/* Begin PBXProject section */
		52A1C753273AAFD100BFA463 /* Project object */ = {
			isa = PBXProject;
			attributes = {
				BuildIndependentTargetsInParallel = 1;
				LastSwiftUpdateCheck = 1310;
				LastUpgradeCheck = 1310;
				TargetAttributes = {
					52A1C75A273AAFD100BFA463 = {
						CreatedOnToolsVersion = 13.1;
					};
					52A1C770273AAFD200BFA463 = {
						CreatedOnToolsVersion = 13.1;
						TestTargetID = 52A1C75A273AAFD100BFA463;
					};
					52A1C77A273AAFD200BFA463 = {
						CreatedOnToolsVersion = 13.1;
						TestTargetID = 52A1C75A273AAFD100BFA463;
					};
				};
			};
			buildConfigurationList = 52A1C756273AAFD100BFA463 /* Build configuration list for PBXProject "Travel" */;
			compatibilityVersion = "Xcode 13.0";
			developmentRegion = en;
			hasScannedForEncodings = 0;
			knownRegions = (
				en,
				Base,
			);
			mainGroup = 52A1C752273AAFD100BFA463;
			productRefGroup = 52A1C75C273AAFD100BFA463 /* Products */;
			projectDirPath = "";
			projectRoot = "";
			targets = (
				52A1C75A273AAFD100BFA463 /* Travel */,
				52A1C770273AAFD200BFA463 /* TravelTests */,
				52A1C77A273AAFD200BFA463 /* TravelUITests */,
			);
		};
/* End PBXProject section */

/* Begin PBXResourcesBuildPhase section */
		52A1C759273AAFD100BFA463 /* Resources */ = {
			isa = PBXResourcesBuildPhase;
			buildActionMask = 2147483647;
			files = (
				52A1C76B273AAFD200BFA463 /* LaunchScreen.storyboard in Resources */,
				52A1C768273AAFD200BFA463 /* Assets.xcassets in Resources */,
				52A1C766273AAFD100BFA463 /* Main.storyboard in Resources */,
			);
			runOnlyForDeploymentPostprocessing = 0;
		};
		52A1C76F273AAFD200BFA463 /* Resources */ = {
			isa = PBXResourcesBuildPhase;
			buildActionMask = 2147483647;
			files = (
				528962082747FD9900B5EA6D /* Currency.json in Resources */,
				5289620B2747FDF200B5EA6D /* Translate.json in Resources */,
				52277BAD2754E61A000B2F1B /* Icon.png in Resources */,
				528961FF2747AA3800B5EA6D /* Weather.json in Resources */,
			);
			runOnlyForDeploymentPostprocessing = 0;
		};
		52A1C779273AAFD200BFA463 /* Resources */ = {
			isa = PBXResourcesBuildPhase;
			buildActionMask = 2147483647;
			files = (
			);
			runOnlyForDeploymentPostprocessing = 0;
		};
/* End PBXResourcesBuildPhase section */

/* Begin PBXSourcesBuildPhase section */
		52A1C757273AAFD100BFA463 /* Sources */ = {
			isa = PBXSourcesBuildPhase;
			buildActionMask = 2147483647;
			files = (
				52277B952751349D000B2F1B /* TranslateSwitchController.swift in Sources */,
				52A1C79A273ABEED00BFA463 /* WeatherService.swift in Sources */,
				52277BA22752DD8C000B2F1B /* CurrencyZoneController.swift in Sources */,
				52A1C79C273ABF0400BFA463 /* CurrencyService.swift in Sources */,
				52277B9327513464000B2F1B /* TranslateZoneController.swift in Sources */,
				52277BAB2754DFE9000B2F1B /* Currency.swift in Sources */,
				521E8B942742891800A7BB0C /* TranslateJson.swift in Sources */,
				5231E86E274FC24B0004C0CA /* ColorExtension.swift in Sources */,
				52A1C763273AAFD100BFA463 /* ViewController.swift in Sources */,
				5231E86C274FC1B20004C0CA /* Painting.swift in Sources */,
				521E8B8C273EBFDB00A7BB0C /* DoubleExtension.swift in Sources */,
				52A1C792273ABDA500BFA463 /* WeatherViewController.swift in Sources */,
				52A1C75F273AAFD100BFA463 /* AppDelegate.swift in Sources */,
				52277B9E2752AE78000B2F1B /* MainTabBarControllerViewController.swift in Sources */,
				521E8B8A273D8C7900A7BB0C /* Token.swift in Sources */,
				528962132749B1D000B5EA6D /* WeatherZoneController.swift in Sources */,
				52277BA42753FFD6000B2F1B /* Shared.swift in Sources */,
				52A1C79E273ABF3200BFA463 /* TranslateService.swift in Sources */,
				52277BA92754DFB2000B2F1B /* Units.swift in Sources */,
				52277B912750F315000B2F1B /* StringExtension.swift in Sources */,
				528961F82747850D00B5EA6D /* ApiError.swift in Sources */,
				521E8B8E27419E5700A7BB0C /* CurrencyJson.swift in Sources */,
				52277BA02752DD55000B2F1B /* CurrencySwitchController.swift in Sources */,
				5231E870274FCE300004C0CA /* CurrencyResult.swift in Sources */,
				52A1C761273AAFD100BFA463 /* SceneDelegate.swift in Sources */,
				52A1C794273ABDD300BFA463 /* CurrencyViewController.swift in Sources */,
				52A1C796273ABE2100BFA463 /* TranslateViewController.swift in Sources */,
				52277B9A2751355F000B2F1B /* Language.swift in Sources */,
				52A1C7A0273AC73400BFA463 /* WeatherJson.swift in Sources */,
			);
			runOnlyForDeploymentPostprocessing = 0;
		};
		52A1C76D273AAFD200BFA463 /* Sources */ = {
			isa = PBXSourcesBuildPhase;
			buildActionMask = 2147483647;
			files = (
				52C5ED7A274ED47C00F9A862 /* CurrencyServiceTestCase.swift in Sources */,
				528962112748001500B5EA6D /* FakeTranslateResponseData.swift in Sources */,
				52149966274CD36B0010FD44 /* TranslateServiceTestCase.swift in Sources */,
				528961FA2747A70E00B5EA6D /* WeatherServiceTestCase.swift in Sources */,
				5289620D2747FE2E00B5EA6D /* FakeCurrencyResponseData.swift in Sources */,
				5289620F2747FF2100B5EA6D /* FakeResponseData.swift in Sources */,
				52149962274C21260010FD44 /* FakeURLProtocol.swift in Sources */,
				528962012747AA8700B5EA6D /* FakeWeatherResponseData.swift in Sources */,
			);
			runOnlyForDeploymentPostprocessing = 0;
		};
		52A1C777273AAFD200BFA463 /* Sources */ = {
			isa = PBXSourcesBuildPhase;
			buildActionMask = 2147483647;
			files = (
				52A1C782273AAFD200BFA463 /* TravelUITestsLaunchTests.swift in Sources */,
				52A1C780273AAFD200BFA463 /* TravelUITests.swift in Sources */,
			);
			runOnlyForDeploymentPostprocessing = 0;
		};
/* End PBXSourcesBuildPhase section */

/* Begin PBXTargetDependency section */
		52A1C773273AAFD200BFA463 /* PBXTargetDependency */ = {
			isa = PBXTargetDependency;
			target = 52A1C75A273AAFD100BFA463 /* Travel */;
			targetProxy = 52A1C772273AAFD200BFA463 /* PBXContainerItemProxy */;
		};
		52A1C77D273AAFD200BFA463 /* PBXTargetDependency */ = {
			isa = PBXTargetDependency;
			target = 52A1C75A273AAFD100BFA463 /* Travel */;
			targetProxy = 52A1C77C273AAFD200BFA463 /* PBXContainerItemProxy */;
		};
/* End PBXTargetDependency section */

/* Begin PBXVariantGroup section */
		52A1C764273AAFD100BFA463 /* Main.storyboard */ = {
			isa = PBXVariantGroup;
			children = (
				52A1C765273AAFD100BFA463 /* Base */,
			);
			name = Main.storyboard;
			sourceTree = "<group>";
		};
		52A1C769273AAFD200BFA463 /* LaunchScreen.storyboard */ = {
			isa = PBXVariantGroup;
			children = (
				52A1C76A273AAFD200BFA463 /* Base */,
			);
			name = LaunchScreen.storyboard;
			sourceTree = "<group>";
		};
/* End PBXVariantGroup section */

/* Begin XCBuildConfiguration section */
		52A1C783273AAFD200BFA463 /* Debug */ = {
			isa = XCBuildConfiguration;
			buildSettings = {
				ALWAYS_SEARCH_USER_PATHS = NO;
				CLANG_ANALYZER_NONNULL = YES;
				CLANG_ANALYZER_NUMBER_OBJECT_CONVERSION = YES_AGGRESSIVE;
				CLANG_CXX_LANGUAGE_STANDARD = "gnu++17";
				CLANG_CXX_LIBRARY = "libc++";
				CLANG_ENABLE_MODULES = YES;
				CLANG_ENABLE_OBJC_ARC = YES;
				CLANG_ENABLE_OBJC_WEAK = YES;
				CLANG_WARN_BLOCK_CAPTURE_AUTORELEASING = YES;
				CLANG_WARN_BOOL_CONVERSION = YES;
				CLANG_WARN_COMMA = YES;
				CLANG_WARN_CONSTANT_CONVERSION = YES;
				CLANG_WARN_DEPRECATED_OBJC_IMPLEMENTATIONS = YES;
				CLANG_WARN_DIRECT_OBJC_ISA_USAGE = YES_ERROR;
				CLANG_WARN_DOCUMENTATION_COMMENTS = YES;
				CLANG_WARN_EMPTY_BODY = YES;
				CLANG_WARN_ENUM_CONVERSION = YES;
				CLANG_WARN_INFINITE_RECURSION = YES;
				CLANG_WARN_INT_CONVERSION = YES;
				CLANG_WARN_NON_LITERAL_NULL_CONVERSION = YES;
				CLANG_WARN_OBJC_IMPLICIT_RETAIN_SELF = YES;
				CLANG_WARN_OBJC_LITERAL_CONVERSION = YES;
				CLANG_WARN_OBJC_ROOT_CLASS = YES_ERROR;
				CLANG_WARN_QUOTED_INCLUDE_IN_FRAMEWORK_HEADER = YES;
				CLANG_WARN_RANGE_LOOP_ANALYSIS = YES;
				CLANG_WARN_STRICT_PROTOTYPES = YES;
				CLANG_WARN_SUSPICIOUS_MOVE = YES;
				CLANG_WARN_UNGUARDED_AVAILABILITY = YES_AGGRESSIVE;
				CLANG_WARN_UNREACHABLE_CODE = YES;
				CLANG_WARN__DUPLICATE_METHOD_MATCH = YES;
				COPY_PHASE_STRIP = NO;
				DEBUG_INFORMATION_FORMAT = dwarf;
				ENABLE_STRICT_OBJC_MSGSEND = YES;
				ENABLE_TESTABILITY = YES;
				GCC_C_LANGUAGE_STANDARD = gnu11;
				GCC_DYNAMIC_NO_PIC = NO;
				GCC_NO_COMMON_BLOCKS = YES;
				GCC_OPTIMIZATION_LEVEL = 0;
				GCC_PREPROCESSOR_DEFINITIONS = (
					"DEBUG=1",
					"$(inherited)",
				);
				GCC_WARN_64_TO_32_BIT_CONVERSION = YES;
				GCC_WARN_ABOUT_RETURN_TYPE = YES_ERROR;
				GCC_WARN_UNDECLARED_SELECTOR = YES;
				GCC_WARN_UNINITIALIZED_AUTOS = YES_AGGRESSIVE;
				GCC_WARN_UNUSED_FUNCTION = YES;
				GCC_WARN_UNUSED_VARIABLE = YES;
				IPHONEOS_DEPLOYMENT_TARGET = 15.0;
				MTL_ENABLE_DEBUG_INFO = INCLUDE_SOURCE;
				MTL_FAST_MATH = YES;
				ONLY_ACTIVE_ARCH = YES;
				SDKROOT = iphoneos;
				SWIFT_ACTIVE_COMPILATION_CONDITIONS = DEBUG;
				SWIFT_OPTIMIZATION_LEVEL = "-Onone";
			};
			name = Debug;
		};
		52A1C784273AAFD200BFA463 /* Release */ = {
			isa = XCBuildConfiguration;
			buildSettings = {
				ALWAYS_SEARCH_USER_PATHS = NO;
				CLANG_ANALYZER_NONNULL = YES;
				CLANG_ANALYZER_NUMBER_OBJECT_CONVERSION = YES_AGGRESSIVE;
				CLANG_CXX_LANGUAGE_STANDARD = "gnu++17";
				CLANG_CXX_LIBRARY = "libc++";
				CLANG_ENABLE_MODULES = YES;
				CLANG_ENABLE_OBJC_ARC = YES;
				CLANG_ENABLE_OBJC_WEAK = YES;
				CLANG_WARN_BLOCK_CAPTURE_AUTORELEASING = YES;
				CLANG_WARN_BOOL_CONVERSION = YES;
				CLANG_WARN_COMMA = YES;
				CLANG_WARN_CONSTANT_CONVERSION = YES;
				CLANG_WARN_DEPRECATED_OBJC_IMPLEMENTATIONS = YES;
				CLANG_WARN_DIRECT_OBJC_ISA_USAGE = YES_ERROR;
				CLANG_WARN_DOCUMENTATION_COMMENTS = YES;
				CLANG_WARN_EMPTY_BODY = YES;
				CLANG_WARN_ENUM_CONVERSION = YES;
				CLANG_WARN_INFINITE_RECURSION = YES;
				CLANG_WARN_INT_CONVERSION = YES;
				CLANG_WARN_NON_LITERAL_NULL_CONVERSION = YES;
				CLANG_WARN_OBJC_IMPLICIT_RETAIN_SELF = YES;
				CLANG_WARN_OBJC_LITERAL_CONVERSION = YES;
				CLANG_WARN_OBJC_ROOT_CLASS = YES_ERROR;
				CLANG_WARN_QUOTED_INCLUDE_IN_FRAMEWORK_HEADER = YES;
				CLANG_WARN_RANGE_LOOP_ANALYSIS = YES;
				CLANG_WARN_STRICT_PROTOTYPES = YES;
				CLANG_WARN_SUSPICIOUS_MOVE = YES;
				CLANG_WARN_UNGUARDED_AVAILABILITY = YES_AGGRESSIVE;
				CLANG_WARN_UNREACHABLE_CODE = YES;
				CLANG_WARN__DUPLICATE_METHOD_MATCH = YES;
				COPY_PHASE_STRIP = NO;
				DEBUG_INFORMATION_FORMAT = "dwarf-with-dsym";
				ENABLE_NS_ASSERTIONS = NO;
				ENABLE_STRICT_OBJC_MSGSEND = YES;
				GCC_C_LANGUAGE_STANDARD = gnu11;
				GCC_NO_COMMON_BLOCKS = YES;
				GCC_WARN_64_TO_32_BIT_CONVERSION = YES;
				GCC_WARN_ABOUT_RETURN_TYPE = YES_ERROR;
				GCC_WARN_UNDECLARED_SELECTOR = YES;
				GCC_WARN_UNINITIALIZED_AUTOS = YES_AGGRESSIVE;
				GCC_WARN_UNUSED_FUNCTION = YES;
				GCC_WARN_UNUSED_VARIABLE = YES;
				IPHONEOS_DEPLOYMENT_TARGET = 15.0;
				MTL_ENABLE_DEBUG_INFO = NO;
				MTL_FAST_MATH = YES;
				SDKROOT = iphoneos;
				SWIFT_COMPILATION_MODE = wholemodule;
				SWIFT_OPTIMIZATION_LEVEL = "-O";
				VALIDATE_PRODUCT = YES;
			};
			name = Release;
		};
		52A1C786273AAFD200BFA463 /* Debug */ = {
			isa = XCBuildConfiguration;
			buildSettings = {
				ASSETCATALOG_COMPILER_APPICON_NAME = AppIcon;
				ASSETCATALOG_COMPILER_GLOBAL_ACCENT_COLOR_NAME = AccentColor;
				CODE_SIGN_STYLE = Automatic;
				CURRENT_PROJECT_VERSION = 1;
				DEVELOPMENT_TEAM = B3ALNAM59J;
				GENERATE_INFOPLIST_FILE = YES;
				INFOPLIST_FILE = Travel/Info.plist;
				INFOPLIST_KEY_CFBundleDisplayName = Travel;
				INFOPLIST_KEY_UIApplicationSupportsIndirectInputEvents = YES;
				INFOPLIST_KEY_UILaunchStoryboardName = LaunchScreen;
				INFOPLIST_KEY_UIMainStoryboardFile = Main;
				INFOPLIST_KEY_UISupportedInterfaceOrientations = UIInterfaceOrientationPortrait;
				INFOPLIST_KEY_UISupportedInterfaceOrientations_iPad = "UIInterfaceOrientationPortrait UIInterfaceOrientationPortraitUpsideDown UIInterfaceOrientationLandscapeLeft UIInterfaceOrientationLandscapeRight";
				INFOPLIST_KEY_UISupportedInterfaceOrientations_iPhone = "UIInterfaceOrientationPortrait UIInterfaceOrientationLandscapeLeft UIInterfaceOrientationLandscapeRight";
				IPHONEOS_DEPLOYMENT_TARGET = 15.0;
				LD_RUNPATH_SEARCH_PATHS = (
					"$(inherited)",
					"@executable_path/Frameworks",
				);
				MARKETING_VERSION = 1.0;
				PRODUCT_BUNDLE_IDENTIFIER = pnfrc.Travel;
				PRODUCT_NAME = "$(TARGET_NAME)";
				SWIFT_EMIT_LOC_STRINGS = YES;
				SWIFT_VERSION = 5.0;
				TARGETED_DEVICE_FAMILY = 1;
			};
			name = Debug;
		};
		52A1C787273AAFD200BFA463 /* Release */ = {
			isa = XCBuildConfiguration;
			buildSettings = {
				ASSETCATALOG_COMPILER_APPICON_NAME = AppIcon;
				ASSETCATALOG_COMPILER_GLOBAL_ACCENT_COLOR_NAME = AccentColor;
				CODE_SIGN_STYLE = Automatic;
				CURRENT_PROJECT_VERSION = 1;
				DEVELOPMENT_TEAM = B3ALNAM59J;
				GENERATE_INFOPLIST_FILE = YES;
				INFOPLIST_FILE = Travel/Info.plist;
				INFOPLIST_KEY_CFBundleDisplayName = Travel;
				INFOPLIST_KEY_UIApplicationSupportsIndirectInputEvents = YES;
				INFOPLIST_KEY_UILaunchStoryboardName = LaunchScreen;
				INFOPLIST_KEY_UIMainStoryboardFile = Main;
				INFOPLIST_KEY_UISupportedInterfaceOrientations = UIInterfaceOrientationPortrait;
				INFOPLIST_KEY_UISupportedInterfaceOrientations_iPad = "UIInterfaceOrientationPortrait UIInterfaceOrientationPortraitUpsideDown UIInterfaceOrientationLandscapeLeft UIInterfaceOrientationLandscapeRight";
				INFOPLIST_KEY_UISupportedInterfaceOrientations_iPhone = "UIInterfaceOrientationPortrait UIInterfaceOrientationLandscapeLeft UIInterfaceOrientationLandscapeRight";
				IPHONEOS_DEPLOYMENT_TARGET = 15.0;
				LD_RUNPATH_SEARCH_PATHS = (
					"$(inherited)",
					"@executable_path/Frameworks",
				);
				MARKETING_VERSION = 1.0;
				PRODUCT_BUNDLE_IDENTIFIER = pnfrc.Travel;
				PRODUCT_NAME = "$(TARGET_NAME)";
				SWIFT_EMIT_LOC_STRINGS = YES;
				SWIFT_VERSION = 5.0;
				TARGETED_DEVICE_FAMILY = 1;
			};
			name = Release;
		};
		52A1C789273AAFD200BFA463 /* Debug */ = {
			isa = XCBuildConfiguration;
			buildSettings = {
				ALWAYS_EMBED_SWIFT_STANDARD_LIBRARIES = YES;
				BUNDLE_LOADER = "$(TEST_HOST)";
				CODE_SIGN_STYLE = Automatic;
				CURRENT_PROJECT_VERSION = 1;
				GENERATE_INFOPLIST_FILE = YES;
				IPHONEOS_DEPLOYMENT_TARGET = 15.0;
				LD_RUNPATH_SEARCH_PATHS = (
					"$(inherited)",
					"@executable_path/Frameworks",
					"@loader_path/Frameworks",
				);
				MARKETING_VERSION = 1.0;
				PRODUCT_BUNDLE_IDENTIFIER = pnfrc.TravelTests;
				PRODUCT_NAME = "$(TARGET_NAME)";
				SWIFT_EMIT_LOC_STRINGS = NO;
				SWIFT_VERSION = 5.0;
				TARGETED_DEVICE_FAMILY = "1,2";
				TEST_HOST = "$(BUILT_PRODUCTS_DIR)/Travel.app/Travel";
			};
			name = Debug;
		};
		52A1C78A273AAFD200BFA463 /* Release */ = {
			isa = XCBuildConfiguration;
			buildSettings = {
				ALWAYS_EMBED_SWIFT_STANDARD_LIBRARIES = YES;
				BUNDLE_LOADER = "$(TEST_HOST)";
				CODE_SIGN_STYLE = Automatic;
				CURRENT_PROJECT_VERSION = 1;
				GENERATE_INFOPLIST_FILE = YES;
				IPHONEOS_DEPLOYMENT_TARGET = 15.0;
				LD_RUNPATH_SEARCH_PATHS = (
					"$(inherited)",
					"@executable_path/Frameworks",
					"@loader_path/Frameworks",
				);
				MARKETING_VERSION = 1.0;
				PRODUCT_BUNDLE_IDENTIFIER = pnfrc.TravelTests;
				PRODUCT_NAME = "$(TARGET_NAME)";
				SWIFT_EMIT_LOC_STRINGS = NO;
				SWIFT_VERSION = 5.0;
				TARGETED_DEVICE_FAMILY = "1,2";
				TEST_HOST = "$(BUILT_PRODUCTS_DIR)/Travel.app/Travel";
			};
			name = Release;
		};
		52A1C78C273AAFD200BFA463 /* Debug */ = {
			isa = XCBuildConfiguration;
			buildSettings = {
				ALWAYS_EMBED_SWIFT_STANDARD_LIBRARIES = YES;
				CODE_SIGN_STYLE = Automatic;
				CURRENT_PROJECT_VERSION = 1;
				GENERATE_INFOPLIST_FILE = YES;
				LD_RUNPATH_SEARCH_PATHS = (
					"$(inherited)",
					"@executable_path/Frameworks",
					"@loader_path/Frameworks",
				);
				MARKETING_VERSION = 1.0;
				PRODUCT_BUNDLE_IDENTIFIER = pnfrc.TravelUITests;
				PRODUCT_NAME = "$(TARGET_NAME)";
				SWIFT_EMIT_LOC_STRINGS = NO;
				SWIFT_VERSION = 5.0;
				TARGETED_DEVICE_FAMILY = "1,2";
				TEST_TARGET_NAME = Travel;
			};
			name = Debug;
		};
		52A1C78D273AAFD200BFA463 /* Release */ = {
			isa = XCBuildConfiguration;
			buildSettings = {
				ALWAYS_EMBED_SWIFT_STANDARD_LIBRARIES = YES;
				CODE_SIGN_STYLE = Automatic;
				CURRENT_PROJECT_VERSION = 1;
				GENERATE_INFOPLIST_FILE = YES;
				LD_RUNPATH_SEARCH_PATHS = (
					"$(inherited)",
					"@executable_path/Frameworks",
					"@loader_path/Frameworks",
				);
				MARKETING_VERSION = 1.0;
				PRODUCT_BUNDLE_IDENTIFIER = pnfrc.TravelUITests;
				PRODUCT_NAME = "$(TARGET_NAME)";
				SWIFT_EMIT_LOC_STRINGS = NO;
				SWIFT_VERSION = 5.0;
				TARGETED_DEVICE_FAMILY = "1,2";
				TEST_TARGET_NAME = Travel;
			};
			name = Release;
		};
/* End XCBuildConfiguration section */

/* Begin XCConfigurationList section */
		52A1C756273AAFD100BFA463 /* Build configuration list for PBXProject "Travel" */ = {
			isa = XCConfigurationList;
			buildConfigurations = (
				52A1C783273AAFD200BFA463 /* Debug */,
				52A1C784273AAFD200BFA463 /* Release */,
			);
			defaultConfigurationIsVisible = 0;
			defaultConfigurationName = Release;
		};
		52A1C785273AAFD200BFA463 /* Build configuration list for PBXNativeTarget "Travel" */ = {
			isa = XCConfigurationList;
			buildConfigurations = (
				52A1C786273AAFD200BFA463 /* Debug */,
				52A1C787273AAFD200BFA463 /* Release */,
			);
			defaultConfigurationIsVisible = 0;
			defaultConfigurationName = Release;
		};
		52A1C788273AAFD200BFA463 /* Build configuration list for PBXNativeTarget "TravelTests" */ = {
			isa = XCConfigurationList;
			buildConfigurations = (
				52A1C789273AAFD200BFA463 /* Debug */,
				52A1C78A273AAFD200BFA463 /* Release */,
			);
			defaultConfigurationIsVisible = 0;
			defaultConfigurationName = Release;
		};
		52A1C78B273AAFD200BFA463 /* Build configuration list for PBXNativeTarget "TravelUITests" */ = {
			isa = XCConfigurationList;
			buildConfigurations = (
				52A1C78C273AAFD200BFA463 /* Debug */,
				52A1C78D273AAFD200BFA463 /* Release */,
			);
			defaultConfigurationIsVisible = 0;
			defaultConfigurationName = Release;
		};
/* End XCConfigurationList section */
	};
	rootObject = 52A1C753273AAFD100BFA463 /* Project object */;
}
